// !$*UTF8*$!
{
	archiveVersion = 1;
	classes = {
	};
	objectVersion = 77;
	objects = {

/* Begin PBXBuildFile section */
		4123D25E2DB4C0A900D1B32F /* Profile in Frameworks */ = {isa = PBXBuildFile; productRef = 4123D25D2DB4C0A900D1B32F /* Profile */; };
/* End PBXBuildFile section */

/* Begin PBXContainerItemProxy section */
		418FBC052DB45A1E00D64AF0 /* PBXContainerItemProxy */ = {
			isa = PBXContainerItemProxy;
			containerPortal = 418FBBEE2DB45A1D00D64AF0 /* Project object */;
			proxyType = 1;
			remoteGlobalIDString = 418FBBF52DB45A1D00D64AF0;
			remoteInfo = "main-app";
		};
		418FBC0F2DB45A1E00D64AF0 /* PBXContainerItemProxy */ = {
			isa = PBXContainerItemProxy;
			containerPortal = 418FBBEE2DB45A1D00D64AF0 /* Project object */;
			proxyType = 1;
			remoteGlobalIDString = 418FBBF52DB45A1D00D64AF0;
			remoteInfo = "main-app";
		};
/* End PBXContainerItemProxy section */

/* Begin PBXFileReference section */
		418FBBF62DB45A1D00D64AF0 /* main-app.app */ = {isa = PBXFileReference; explicitFileType = wrapper.application; includeInIndex = 0; path = "main-app.app"; sourceTree = BUILT_PRODUCTS_DIR; };
		418FBC042DB45A1E00D64AF0 /* main-appTests.xctest */ = {isa = PBXFileReference; explicitFileType = wrapper.cfbundle; includeInIndex = 0; path = "main-appTests.xctest"; sourceTree = BUILT_PRODUCTS_DIR; };
		418FBC0E2DB45A1E00D64AF0 /* main-appUITests.xctest */ = {isa = PBXFileReference; explicitFileType = wrapper.cfbundle; includeInIndex = 0; path = "main-appUITests.xctest"; sourceTree = BUILT_PRODUCTS_DIR; };
/* End PBXFileReference section */

/* Begin PBXFileSystemSynchronizedRootGroup section */
		418FBBF82DB45A1D00D64AF0 /* main-app */ = {
			isa = PBXFileSystemSynchronizedRootGroup;
			path = "main-app";
			sourceTree = "<group>";
		};
		418FBC072DB45A1E00D64AF0 /* main-appTests */ = {
			isa = PBXFileSystemSynchronizedRootGroup;
			path = "main-appTests";
			sourceTree = "<group>";
		};
		418FBC112DB45A1E00D64AF0 /* main-appUITests */ = {
			isa = PBXFileSystemSynchronizedRootGroup;
			path = "main-appUITests";
			sourceTree = "<group>";
		};
/* End PBXFileSystemSynchronizedRootGroup section */

/* Begin PBXFrameworksBuildPhase section */
		418FBBF32DB45A1D00D64AF0 /* Frameworks */ = {
			isa = PBXFrameworksBuildPhase;
			buildActionMask = 2147483647;
			files = (
				4123D25E2DB4C0A900D1B32F /* Profile in Frameworks */,
			);
			runOnlyForDeploymentPostprocessing = 0;
		};
		418FBC012DB45A1E00D64AF0 /* Frameworks */ = {
			isa = PBXFrameworksBuildPhase;
			buildActionMask = 2147483647;
			files = (
			);
			runOnlyForDeploymentPostprocessing = 0;
		};
		418FBC0B2DB45A1E00D64AF0 /* Frameworks */ = {
			isa = PBXFrameworksBuildPhase;
			buildActionMask = 2147483647;
			files = (
			);
			runOnlyForDeploymentPostprocessing = 0;
		};
/* End PBXFrameworksBuildPhase section */

/* Begin PBXGroup section */
		418201C82DB4BC8B00D60EC2 /* Frameworks */ = {
			isa = PBXGroup;
			children = (
			);
			name = Frameworks;
			sourceTree = "<group>";
		};
		418FBBED2DB45A1D00D64AF0 = {
			isa = PBXGroup;
			children = (
				418FBBF82DB45A1D00D64AF0 /* main-app */,
				418FBC072DB45A1E00D64AF0 /* main-appTests */,
				418FBC112DB45A1E00D64AF0 /* main-appUITests */,
				418201C82DB4BC8B00D60EC2 /* Frameworks */,
				418FBBF72DB45A1D00D64AF0 /* Products */,
			);
			sourceTree = "<group>";
		};
		418FBBF72DB45A1D00D64AF0 /* Products */ = {
			isa = PBXGroup;
			children = (
				418FBBF62DB45A1D00D64AF0 /* main-app.app */,
				418FBC042DB45A1E00D64AF0 /* main-appTests.xctest */,
				418FBC0E2DB45A1E00D64AF0 /* main-appUITests.xctest */,
			);
			name = Products;
			sourceTree = "<group>";
		};
/* End PBXGroup section */

/* Begin PBXNativeTarget section */
		418FBBF52DB45A1D00D64AF0 /* main-app */ = {
			isa = PBXNativeTarget;
			buildConfigurationList = 418FBC182DB45A1E00D64AF0 /* Build configuration list for PBXNativeTarget "main-app" */;
			buildPhases = (
				418FBBF22DB45A1D00D64AF0 /* Sources */,
				418FBBF32DB45A1D00D64AF0 /* Frameworks */,
				418FBBF42DB45A1D00D64AF0 /* Resources */,
			);
			buildRules = (
			);
			dependencies = (
			);
			fileSystemSynchronizedGroups = (
				418FBBF82DB45A1D00D64AF0 /* main-app */,
			);
			name = "main-app";
			packageProductDependencies = (
				4123D25D2DB4C0A900D1B32F /* Profile */,
			);
			productName = "main-app";
			productReference = 418FBBF62DB45A1D00D64AF0 /* main-app.app */;
			productType = "com.apple.product-type.application";
		};
		418FBC032DB45A1E00D64AF0 /* main-appTests */ = {
			isa = PBXNativeTarget;
			buildConfigurationList = 418FBC1B2DB45A1E00D64AF0 /* Build configuration list for PBXNativeTarget "main-appTests" */;
			buildPhases = (
				418FBC002DB45A1E00D64AF0 /* Sources */,
				418FBC012DB45A1E00D64AF0 /* Frameworks */,
				418FBC022DB45A1E00D64AF0 /* Resources */,
			);
			buildRules = (
			);
			dependencies = (
				418FBC062DB45A1E00D64AF0 /* PBXTargetDependency */,
			);
			fileSystemSynchronizedGroups = (
				418FBC072DB45A1E00D64AF0 /* main-appTests */,
			);
			name = "main-appTests";
			packageProductDependencies = (
			);
			productName = "main-appTests";
			productReference = 418FBC042DB45A1E00D64AF0 /* main-appTests.xctest */;
			productType = "com.apple.product-type.bundle.unit-test";
		};
		418FBC0D2DB45A1E00D64AF0 /* main-appUITests */ = {
			isa = PBXNativeTarget;
			buildConfigurationList = 418FBC1E2DB45A1E00D64AF0 /* Build configuration list for PBXNativeTarget "main-appUITests" */;
			buildPhases = (
				418FBC0A2DB45A1E00D64AF0 /* Sources */,
				418FBC0B2DB45A1E00D64AF0 /* Frameworks */,
				418FBC0C2DB45A1E00D64AF0 /* Resources */,
			);
			buildRules = (
			);
			dependencies = (
				418FBC102DB45A1E00D64AF0 /* PBXTargetDependency */,
			);
			fileSystemSynchronizedGroups = (
				418FBC112DB45A1E00D64AF0 /* main-appUITests */,
			);
			name = "main-appUITests";
			packageProductDependencies = (
			);
			productName = "main-appUITests";
			productReference = 418FBC0E2DB45A1E00D64AF0 /* main-appUITests.xctest */;
			productType = "com.apple.product-type.bundle.ui-testing";
		};
/* End PBXNativeTarget section */

/* Begin PBXProject section */
		418FBBEE2DB45A1D00D64AF0 /* Project object */ = {
			isa = PBXProject;
			attributes = {
				BuildIndependentTargetsInParallel = 1;
				LastSwiftUpdateCheck = 1630;
				LastUpgradeCheck = 1630;
				TargetAttributes = {
					418FBBF52DB45A1D00D64AF0 = {
						CreatedOnToolsVersion = 16.3;
					};
					418FBC032DB45A1E00D64AF0 = {
						CreatedOnToolsVersion = 16.3;
						TestTargetID = 418FBBF52DB45A1D00D64AF0;
					};
					418FBC0D2DB45A1E00D64AF0 = {
						CreatedOnToolsVersion = 16.3;
						TestTargetID = 418FBBF52DB45A1D00D64AF0;
					};
				};
			};
			buildConfigurationList = 418FBBF12DB45A1D00D64AF0 /* Build configuration list for PBXProject "main-app" */;
			developmentRegion = en;
			hasScannedForEncodings = 0;
			knownRegions = (
				en,
				Base,
			);
			mainGroup = 418FBBED2DB45A1D00D64AF0;
			minimizedProjectReferenceProxies = 1;
			packageReferences = (
				4123D25C2DB4C08000D1B32F /* XCRemoteSwiftPackageReference "ios-modular-app-profile" */,
			);
			preferredProjectObjectVersion = 77;
			productRefGroup = 418FBBF72DB45A1D00D64AF0 /* Products */;
			projectDirPath = "";
			projectRoot = "";
			targets = (
				418FBBF52DB45A1D00D64AF0 /* main-app */,
				418FBC032DB45A1E00D64AF0 /* main-appTests */,
				418FBC0D2DB45A1E00D64AF0 /* main-appUITests */,
			);
		};
/* End PBXProject section */

/* Begin PBXResourcesBuildPhase section */
		418FBBF42DB45A1D00D64AF0 /* Resources */ = {
			isa = PBXResourcesBuildPhase;
			buildActionMask = 2147483647;
			files = (
			);
			runOnlyForDeploymentPostprocessing = 0;
		};
		418FBC022DB45A1E00D64AF0 /* Resources */ = {
			isa = PBXResourcesBuildPhase;
			buildActionMask = 2147483647;
			files = (
			);
			runOnlyForDeploymentPostprocessing = 0;
		};
		418FBC0C2DB45A1E00D64AF0 /* Resources */ = {
			isa = PBXResourcesBuildPhase;
			buildActionMask = 2147483647;
			files = (
			);
			runOnlyForDeploymentPostprocessing = 0;
		};
/* End PBXResourcesBuildPhase section */

/* Begin PBXSourcesBuildPhase section */
		418FBBF22DB45A1D00D64AF0 /* Sources */ = {
			isa = PBXSourcesBuildPhase;
			buildActionMask = 2147483647;
			files = (
			);
			runOnlyForDeploymentPostprocessing = 0;
		};
		418FBC002DB45A1E00D64AF0 /* Sources */ = {
			isa = PBXSourcesBuildPhase;
			buildActionMask = 2147483647;
			files = (
			);
			runOnlyForDeploymentPostprocessing = 0;
		};
		418FBC0A2DB45A1E00D64AF0 /* Sources */ = {
			isa = PBXSourcesBuildPhase;
			buildActionMask = 2147483647;
			files = (
			);
			runOnlyForDeploymentPostprocessing = 0;
		};
/* End PBXSourcesBuildPhase section */

/* Begin PBXTargetDependency section */
		418FBC062DB45A1E00D64AF0 /* PBXTargetDependency */ = {
			isa = PBXTargetDependency;
			target = 418FBBF52DB45A1D00D64AF0 /* main-app */;
			targetProxy = 418FBC052DB45A1E00D64AF0 /* PBXContainerItemProxy */;
		};
		418FBC102DB45A1E00D64AF0 /* PBXTargetDependency */ = {
			isa = PBXTargetDependency;
			target = 418FBBF52DB45A1D00D64AF0 /* main-app */;
			targetProxy = 418FBC0F2DB45A1E00D64AF0 /* PBXContainerItemProxy */;
		};
/* End PBXTargetDependency section */

/* Begin XCBuildConfiguration section */
		418FBC162DB45A1E00D64AF0 /* Debug */ = {
			isa = XCBuildConfiguration;
			buildSettings = {
				ALWAYS_SEARCH_USER_PATHS = NO;
				ASSETCATALOG_COMPILER_GENERATE_SWIFT_ASSET_SYMBOL_EXTENSIONS = YES;
				CLANG_ANALYZER_NONNULL = YES;
				CLANG_ANALYZER_NUMBER_OBJECT_CONVERSION = YES_AGGRESSIVE;
				CLANG_CXX_LANGUAGE_STANDARD = "gnu++20";
				CLANG_ENABLE_MODULES = YES;
				CLANG_ENABLE_OBJC_ARC = YES;
				CLANG_ENABLE_OBJC_WEAK = YES;
				CLANG_WARN_BLOCK_CAPTURE_AUTORELEASING = YES;
				CLANG_WARN_BOOL_CONVERSION = YES;
				CLANG_WARN_COMMA = YES;
				CLANG_WARN_CONSTANT_CONVERSION = YES;
				CLANG_WARN_DEPRECATED_OBJC_IMPLEMENTATIONS = YES;
				CLANG_WARN_DIRECT_OBJC_ISA_USAGE = YES_ERROR;
				CLANG_WARN_DOCUMENTATION_COMMENTS = YES;
				CLANG_WARN_EMPTY_BODY = YES;
				CLANG_WARN_ENUM_CONVERSION = YES;
				CLANG_WARN_INFINITE_RECURSION = YES;
				CLANG_WARN_INT_CONVERSION = YES;
				CLANG_WARN_NON_LITERAL_NULL_CONVERSION = YES;
				CLANG_WARN_OBJC_IMPLICIT_RETAIN_SELF = YES;
				CLANG_WARN_OBJC_LITERAL_CONVERSION = YES;
				CLANG_WARN_OBJC_ROOT_CLASS = YES_ERROR;
				CLANG_WARN_QUOTED_INCLUDE_IN_FRAMEWORK_HEADER = YES;
				CLANG_WARN_RANGE_LOOP_ANALYSIS = YES;
				CLANG_WARN_STRICT_PROTOTYPES = YES;
				CLANG_WARN_SUSPICIOUS_MOVE = YES;
				CLANG_WARN_UNGUARDED_AVAILABILITY = YES_AGGRESSIVE;
				CLANG_WARN_UNREACHABLE_CODE = YES;
				CLANG_WARN__DUPLICATE_METHOD_MATCH = YES;
				COPY_PHASE_STRIP = NO;
				DEBUG_INFORMATION_FORMAT = dwarf;
				DEVELOPMENT_TEAM = 88MZYP76M8;
				ENABLE_STRICT_OBJC_MSGSEND = YES;
				ENABLE_TESTABILITY = YES;
				ENABLE_USER_SCRIPT_SANDBOXING = YES;
				GCC_C_LANGUAGE_STANDARD = gnu17;
				GCC_DYNAMIC_NO_PIC = NO;
				GCC_NO_COMMON_BLOCKS = YES;
				GCC_OPTIMIZATION_LEVEL = 0;
				GCC_PREPROCESSOR_DEFINITIONS = (
					"DEBUG=1",
					"$(inherited)",
				);
				GCC_WARN_64_TO_32_BIT_CONVERSION = YES;
				GCC_WARN_ABOUT_RETURN_TYPE = YES_ERROR;
				GCC_WARN_UNDECLARED_SELECTOR = YES;
				GCC_WARN_UNINITIALIZED_AUTOS = YES_AGGRESSIVE;
				GCC_WARN_UNUSED_FUNCTION = YES;
				GCC_WARN_UNUSED_VARIABLE = YES;
				LOCALIZATION_PREFERS_STRING_CATALOGS = YES;
				MTL_ENABLE_DEBUG_INFO = INCLUDE_SOURCE;
				MTL_FAST_MATH = YES;
				ONLY_ACTIVE_ARCH = YES;
				SWIFT_ACTIVE_COMPILATION_CONDITIONS = "DEBUG $(inherited)";
				SWIFT_OPTIMIZATION_LEVEL = "-Onone";
			};
			name = Debug;
		};
		418FBC172DB45A1E00D64AF0 /* Release */ = {
			isa = XCBuildConfiguration;
			buildSettings = {
				ALWAYS_SEARCH_USER_PATHS = NO;
				ASSETCATALOG_COMPILER_GENERATE_SWIFT_ASSET_SYMBOL_EXTENSIONS = YES;
				CLANG_ANALYZER_NONNULL = YES;
				CLANG_ANALYZER_NUMBER_OBJECT_CONVERSION = YES_AGGRESSIVE;
				CLANG_CXX_LANGUAGE_STANDARD = "gnu++20";
				CLANG_ENABLE_MODULES = YES;
				CLANG_ENABLE_OBJC_ARC = YES;
				CLANG_ENABLE_OBJC_WEAK = YES;
				CLANG_WARN_BLOCK_CAPTURE_AUTORELEASING = YES;
				CLANG_WARN_BOOL_CONVERSION = YES;
				CLANG_WARN_COMMA = YES;
				CLANG_WARN_CONSTANT_CONVERSION = YES;
				CLANG_WARN_DEPRECATED_OBJC_IMPLEMENTATIONS = YES;
				CLANG_WARN_DIRECT_OBJC_ISA_USAGE = YES_ERROR;
				CLANG_WARN_DOCUMENTATION_COMMENTS = YES;
				CLANG_WARN_EMPTY_BODY = YES;
				CLANG_WARN_ENUM_CONVERSION = YES;
				CLANG_WARN_INFINITE_RECURSION = YES;
				CLANG_WARN_INT_CONVERSION = YES;
				CLANG_WARN_NON_LITERAL_NULL_CONVERSION = YES;
				CLANG_WARN_OBJC_IMPLICIT_RETAIN_SELF = YES;
				CLANG_WARN_OBJC_LITERAL_CONVERSION = YES;
				CLANG_WARN_OBJC_ROOT_CLASS = YES_ERROR;
				CLANG_WARN_QUOTED_INCLUDE_IN_FRAMEWORK_HEADER = YES;
				CLANG_WARN_RANGE_LOOP_ANALYSIS = YES;
				CLANG_WARN_STRICT_PROTOTYPES = YES;
				CLANG_WARN_SUSPICIOUS_MOVE = YES;
				CLANG_WARN_UNGUARDED_AVAILABILITY = YES_AGGRESSIVE;
				CLANG_WARN_UNREACHABLE_CODE = YES;
				CLANG_WARN__DUPLICATE_METHOD_MATCH = YES;
				COPY_PHASE_STRIP = NO;
				DEBUG_INFORMATION_FORMAT = "dwarf-with-dsym";
				DEVELOPMENT_TEAM = 88MZYP76M8;
				ENABLE_NS_ASSERTIONS = NO;
				ENABLE_STRICT_OBJC_MSGSEND = YES;
				ENABLE_USER_SCRIPT_SANDBOXING = YES;
				GCC_C_LANGUAGE_STANDARD = gnu17;
				GCC_NO_COMMON_BLOCKS = YES;
				GCC_WARN_64_TO_32_BIT_CONVERSION = YES;
				GCC_WARN_ABOUT_RETURN_TYPE = YES_ERROR;
				GCC_WARN_UNDECLARED_SELECTOR = YES;
				GCC_WARN_UNINITIALIZED_AUTOS = YES_AGGRESSIVE;
				GCC_WARN_UNUSED_FUNCTION = YES;
				GCC_WARN_UNUSED_VARIABLE = YES;
				LOCALIZATION_PREFERS_STRING_CATALOGS = YES;
				MTL_ENABLE_DEBUG_INFO = NO;
				MTL_FAST_MATH = YES;
				SWIFT_COMPILATION_MODE = wholemodule;
			};
			name = Release;
		};
		418FBC192DB45A1E00D64AF0 /* Debug */ = {
			isa = XCBuildConfiguration;
			buildSettings = {
				ASSETCATALOG_COMPILER_APPICON_NAME = AppIcon;
				ASSETCATALOG_COMPILER_GLOBAL_ACCENT_COLOR_NAME = AccentColor;
				CODE_SIGN_ENTITLEMENTS = "main-app/MainApp.entitlements";
				CODE_SIGN_STYLE = Automatic;
				CURRENT_PROJECT_VERSION = 1;
				DEVELOPMENT_TEAM = 88MZYP76M8;
				ENABLE_HARDENED_RUNTIME = YES;
				ENABLE_PREVIEWS = YES;
				GENERATE_INFOPLIST_FILE = YES;
				"INFOPLIST_KEY_UIApplicationSceneManifest_Generation[sdk=iphoneos*]" = YES;
				"INFOPLIST_KEY_UIApplicationSceneManifest_Generation[sdk=iphonesimulator*]" = YES;
				"INFOPLIST_KEY_UIApplicationSupportsIndirectInputEvents[sdk=iphoneos*]" = YES;
				"INFOPLIST_KEY_UIApplicationSupportsIndirectInputEvents[sdk=iphonesimulator*]" = YES;
				"INFOPLIST_KEY_UILaunchScreen_Generation[sdk=iphoneos*]" = YES;
				"INFOPLIST_KEY_UILaunchScreen_Generation[sdk=iphonesimulator*]" = YES;
				"INFOPLIST_KEY_UIStatusBarStyle[sdk=iphoneos*]" = UIStatusBarStyleDefault;
				"INFOPLIST_KEY_UIStatusBarStyle[sdk=iphonesimulator*]" = UIStatusBarStyleDefault;
				INFOPLIST_KEY_UISupportedInterfaceOrientations_iPad = "UIInterfaceOrientationPortrait UIInterfaceOrientationPortraitUpsideDown UIInterfaceOrientationLandscapeLeft UIInterfaceOrientationLandscapeRight";
				INFOPLIST_KEY_UISupportedInterfaceOrientations_iPhone = "UIInterfaceOrientationPortrait UIInterfaceOrientationLandscapeLeft UIInterfaceOrientationLandscapeRight";
				IPHONEOS_DEPLOYMENT_TARGET = 18.4;
				LD_RUNPATH_SEARCH_PATHS = "@executable_path/Frameworks";
				"LD_RUNPATH_SEARCH_PATHS[sdk=macosx*]" = "@executable_path/../Frameworks";
				MACOSX_DEPLOYMENT_TARGET = 15.4;
				MARKETING_VERSION = 1.0;
				PRODUCT_BUNDLE_IDENTIFIER = com.example.mainapp;
				PRODUCT_NAME = "$(TARGET_NAME)";
				REGISTER_APP_GROUPS = YES;
				SDKROOT = auto;
				SUPPORTED_PLATFORMS = "iphoneos iphonesimulator macosx xros xrsimulator";
				SWIFT_EMIT_LOC_STRINGS = YES;
				SWIFT_VERSION = 5.0;
				TARGETED_DEVICE_FAMILY = "1,2,7";
				XROS_DEPLOYMENT_TARGET = 2.4;
			};
			name = Debug;
		};
		418FBC1A2DB45A1E00D64AF0 /* Release */ = {
			isa = XCBuildConfiguration;
			buildSettings = {
				ASSETCATALOG_COMPILER_APPICON_NAME = AppIcon;
				ASSETCATALOG_COMPILER_GLOBAL_ACCENT_COLOR_NAME = AccentColor;
				CODE_SIGN_ENTITLEMENTS = "main-app/MainApp.entitlements";
				CODE_SIGN_STYLE = Automatic;
				CURRENT_PROJECT_VERSION = 1;
				DEVELOPMENT_TEAM = 88MZYP76M8;
				ENABLE_HARDENED_RUNTIME = YES;
				ENABLE_PREVIEWS = YES;
				GENERATE_INFOPLIST_FILE = YES;
				"INFOPLIST_KEY_UIApplicationSceneManifest_Generation[sdk=iphoneos*]" = YES;
				"INFOPLIST_KEY_UIApplicationSceneManifest_Generation[sdk=iphonesimulator*]" = YES;
				"INFOPLIST_KEY_UIApplicationSupportsIndirectInputEvents[sdk=iphoneos*]" = YES;
				"INFOPLIST_KEY_UIApplicationSupportsIndirectInputEvents[sdk=iphonesimulator*]" = YES;
				"INFOPLIST_KEY_UILaunchScreen_Generation[sdk=iphoneos*]" = YES;
				"INFOPLIST_KEY_UILaunchScreen_Generation[sdk=iphonesimulator*]" = YES;
				"INFOPLIST_KEY_UIStatusBarStyle[sdk=iphoneos*]" = UIStatusBarStyleDefault;
				"INFOPLIST_KEY_UIStatusBarStyle[sdk=iphonesimulator*]" = UIStatusBarStyleDefault;
				INFOPLIST_KEY_UISupportedInterfaceOrientations_iPad = "UIInterfaceOrientationPortrait UIInterfaceOrientationPortraitUpsideDown UIInterfaceOrientationLandscapeLeft UIInterfaceOrientationLandscapeRight";
				INFOPLIST_KEY_UISupportedInterfaceOrientations_iPhone = "UIInterfaceOrientationPortrait UIInterfaceOrientationLandscapeLeft UIInterfaceOrientationLandscapeRight";
				IPHONEOS_DEPLOYMENT_TARGET = 18.4;
				LD_RUNPATH_SEARCH_PATHS = "@executable_path/Frameworks";
				"LD_RUNPATH_SEARCH_PATHS[sdk=macosx*]" = "@executable_path/../Frameworks";
				MACOSX_DEPLOYMENT_TARGET = 15.4;
				MARKETING_VERSION = 1.0;
				PRODUCT_BUNDLE_IDENTIFIER = com.example.mainapp;
				PRODUCT_NAME = "$(TARGET_NAME)";
				REGISTER_APP_GROUPS = YES;
				SDKROOT = auto;
				SUPPORTED_PLATFORMS = "iphoneos iphonesimulator macosx xros xrsimulator";
				SWIFT_EMIT_LOC_STRINGS = YES;
				SWIFT_VERSION = 5.0;
				TARGETED_DEVICE_FAMILY = "1,2,7";
				XROS_DEPLOYMENT_TARGET = 2.4;
			};
			name = Release;
		};
		418FBC1C2DB45A1E00D64AF0 /* Debug */ = {
			isa = XCBuildConfiguration;
			buildSettings = {
				BUNDLE_LOADER = "$(TEST_HOST)";
				CODE_SIGN_STYLE = Automatic;
				CURRENT_PROJECT_VERSION = 1;
				DEVELOPMENT_TEAM = 88MZYP76M8;
				GENERATE_INFOPLIST_FILE = YES;
				IPHONEOS_DEPLOYMENT_TARGET = 18.4;
				MACOSX_DEPLOYMENT_TARGET = 15.4;
				MARKETING_VERSION = 1.0;
				PRODUCT_BUNDLE_IDENTIFIER = "com.example.main-appTests";
				PRODUCT_NAME = "$(TARGET_NAME)";
				SDKROOT = auto;
				SUPPORTED_PLATFORMS = "iphoneos iphonesimulator macosx xros xrsimulator";
				SWIFT_EMIT_LOC_STRINGS = NO;
				SWIFT_VERSION = 5.0;
				TARGETED_DEVICE_FAMILY = "1,2,7";
				TEST_HOST = "$(BUILT_PRODUCTS_DIR)/main-app.app/$(BUNDLE_EXECUTABLE_FOLDER_PATH)/main-app";
				XROS_DEPLOYMENT_TARGET = 2.4;
			};
			name = Debug;
		};
		418FBC1D2DB45A1E00D64AF0 /* Release */ = {
			isa = XCBuildConfiguration;
			buildSettings = {
				BUNDLE_LOADER = "$(TEST_HOST)";
				CODE_SIGN_STYLE = Automatic;
				CURRENT_PROJECT_VERSION = 1;
				DEVELOPMENT_TEAM = 88MZYP76M8;
				GENERATE_INFOPLIST_FILE = YES;
				IPHONEOS_DEPLOYMENT_TARGET = 18.4;
				MACOSX_DEPLOYMENT_TARGET = 15.4;
				MARKETING_VERSION = 1.0;
				PRODUCT_BUNDLE_IDENTIFIER = "com.example.main-appTests";
				PRODUCT_NAME = "$(TARGET_NAME)";
				SDKROOT = auto;
				SUPPORTED_PLATFORMS = "iphoneos iphonesimulator macosx xros xrsimulator";
				SWIFT_EMIT_LOC_STRINGS = NO;
				SWIFT_VERSION = 5.0;
				TARGETED_DEVICE_FAMILY = "1,2,7";
				TEST_HOST = "$(BUILT_PRODUCTS_DIR)/main-app.app/$(BUNDLE_EXECUTABLE_FOLDER_PATH)/main-app";
				XROS_DEPLOYMENT_TARGET = 2.4;
			};
			name = Release;
		};
		418FBC1F2DB45A1E00D64AF0 /* Debug */ = {
			isa = XCBuildConfiguration;
			buildSettings = {
				CODE_SIGN_STYLE = Automatic;
				CURRENT_PROJECT_VERSION = 1;
				DEVELOPMENT_TEAM = 88MZYP76M8;
				GENERATE_INFOPLIST_FILE = YES;
				IPHONEOS_DEPLOYMENT_TARGET = 18.4;
				MACOSX_DEPLOYMENT_TARGET = 15.4;
				MARKETING_VERSION = 1.0;
				PRODUCT_BUNDLE_IDENTIFIER = "com.example.main-appUITests";
				PRODUCT_NAME = "$(TARGET_NAME)";
				SDKROOT = auto;
				SUPPORTED_PLATFORMS = "iphoneos iphonesimulator macosx xros xrsimulator";
				SWIFT_EMIT_LOC_STRINGS = NO;
				SWIFT_VERSION = 5.0;
				TARGETED_DEVICE_FAMILY = "1,2,7";
				TEST_TARGET_NAME = "main-app";
				XROS_DEPLOYMENT_TARGET = 2.4;
			};
			name = Debug;
		};
		418FBC202DB45A1E00D64AF0 /* Release */ = {
			isa = XCBuildConfiguration;
			buildSettings = {
				CODE_SIGN_STYLE = Automatic;
				CURRENT_PROJECT_VERSION = 1;
				DEVELOPMENT_TEAM = 88MZYP76M8;
				GENERATE_INFOPLIST_FILE = YES;
				IPHONEOS_DEPLOYMENT_TARGET = 18.4;
				MACOSX_DEPLOYMENT_TARGET = 15.4;
				MARKETING_VERSION = 1.0;
				PRODUCT_BUNDLE_IDENTIFIER = "com.example.main-appUITests";
				PRODUCT_NAME = "$(TARGET_NAME)";
				SDKROOT = auto;
				SUPPORTED_PLATFORMS = "iphoneos iphonesimulator macosx xros xrsimulator";
				SWIFT_EMIT_LOC_STRINGS = NO;
				SWIFT_VERSION = 5.0;
				TARGETED_DEVICE_FAMILY = "1,2,7";
				TEST_TARGET_NAME = "main-app";
				XROS_DEPLOYMENT_TARGET = 2.4;
			};
			name = Release;
		};
/* End XCBuildConfiguration section */

/* Begin XCConfigurationList section */
		418FBBF12DB45A1D00D64AF0 /* Build configuration list for PBXProject "main-app" */ = {
			isa = XCConfigurationList;
			buildConfigurations = (
				418FBC162DB45A1E00D64AF0 /* Debug */,
				418FBC172DB45A1E00D64AF0 /* Release */,
			);
			defaultConfigurationIsVisible = 0;
			defaultConfigurationName = Release;
		};
		418FBC182DB45A1E00D64AF0 /* Build configuration list for PBXNativeTarget "main-app" */ = {
			isa = XCConfigurationList;
			buildConfigurations = (
				418FBC192DB45A1E00D64AF0 /* Debug */,
				418FBC1A2DB45A1E00D64AF0 /* Release */,
			);
			defaultConfigurationIsVisible = 0;
			defaultConfigurationName = Release;
		};
		418FBC1B2DB45A1E00D64AF0 /* Build configuration list for PBXNativeTarget "main-appTests" */ = {
			isa = XCConfigurationList;
			buildConfigurations = (
				418FBC1C2DB45A1E00D64AF0 /* Debug */,
				418FBC1D2DB45A1E00D64AF0 /* Release */,
			);
			defaultConfigurationIsVisible = 0;
			defaultConfigurationName = Release;
		};
		418FBC1E2DB45A1E00D64AF0 /* Build configuration list for PBXNativeTarget "main-appUITests" */ = {
			isa = XCConfigurationList;
			buildConfigurations = (
				418FBC1F2DB45A1E00D64AF0 /* Debug */,
				418FBC202DB45A1E00D64AF0 /* Release */,
			);
			defaultConfigurationIsVisible = 0;
			defaultConfigurationName = Release;
		};
/* End XCConfigurationList section */

/* Begin XCRemoteSwiftPackageReference section */
		4123D25C2DB4C08000D1B32F /* XCRemoteSwiftPackageReference "ios-modular-app-profile" */ = {
			isa = XCRemoteSwiftPackageReference;
			repositoryURL = "https://github.com/chiyun69/ios-modular-app-profile.git";
			requirement = {
				branch = master;
				kind = branch;
			};
		};
/* End XCRemoteSwiftPackageReference section */

/* Begin XCSwiftPackageProductDependency section */
		4123D25D2DB4C0A900D1B32F /* Profile */ = {
			isa = XCSwiftPackageProductDependency;
			package = 4123D25C2DB4C08000D1B32F /* XCRemoteSwiftPackageReference "ios-modular-app-profile" */;
			productName = Profile;
		};
/* End XCSwiftPackageProductDependency section */
	};
	rootObject = 418FBBEE2DB45A1D00D64AF0 /* Project object */;
}
